<?xml version="1.0" encoding="utf-8"?>
<Project ToolsVersion="4.0" xmlns="http://schemas.microsoft.com/developer/msbuild/2003">
  <ItemGroup>
    <Filter Include="BinarySearch">
      <UniqueIdentifier>{9a9bd7b5-7621-43c3-8055-45330f2567ef}</UniqueIdentifier>
    </Filter>
    <Filter Include="Common">
      <UniqueIdentifier>{b399c89b-d59b-425d-a3b7-79ded68f005d}</UniqueIdentifier>
    </Filter>
    <Filter Include="Main">
      <UniqueIdentifier>{1ac5de73-a22d-42c9-ad1e-1ed700048b7b}</UniqueIdentifier>
    </Filter>
    <Filter Include="LinkedList">
      <UniqueIdentifier>{8bbedd10-1c08-4e18-8ea9-9545308e07b4}</UniqueIdentifier>
    </Filter>
    <Filter Include="Set">
      <UniqueIdentifier>{10b07738-678a-4f70-8094-76ff9a81dfa8}</UniqueIdentifier>
    </Filter>
    <Filter Include="PriorityQueue">
      <UniqueIdentifier>{93f2de8b-ed5f-4d82-a3c5-81091c0dcac1}</UniqueIdentifier>
    </Filter>
    <Filter Include="SelectionSort">
      <UniqueIdentifier>{d8cb969f-8113-43eb-880a-16fd107e60bb}</UniqueIdentifier>
    </Filter>
  </ItemGroup>
  <ItemGroup>
    <ClCompile Include="BinarySearch.cpp">
      <Filter>BinarySearch</Filter>
    </ClCompile>
    <ClCompile Include="TestBinarySearch.cpp">
      <Filter>BinarySearch</Filter>
    </ClCompile>
    <ClCompile Include="Print.cpp">
      <Filter>Common</Filter>
    </ClCompile>
    <ClCompile Include="main.cpp">
      <Filter>Main</Filter>
    </ClCompile>
    <ClCompile Include="LinkedList.cpp">
      <Filter>LinkedList</Filter>
    </ClCompile>
    <ClCompile Include="TestLinkedList.cpp">
      <Filter>LinkedList</Filter>
    </ClCompile>
    <ClCompile Include="Set.cpp">
      <Filter>Set</Filter>
    </ClCompile>
    <ClCompile Include="TestSet.cpp">
      <Filter>Set</Filter>
    </ClCompile>
    <ClCompile Include="TestPriorityQueue.cpp">
      <Filter>PriorityQueue</Filter>
    </ClCompile>
    <ClCompile Include="PriorityQueue.hpp">
      <Filter>PriorityQueue</Filter>
    </ClCompile>
    <ClCompile Include="SelectionSort.cpp">
      <Filter>SelectionSort</Filter>
    </ClCompile>
    <ClCompile Include="TestSelectionSort.cpp">
      <Filter>SelectionSort</Filter>
    </ClCompile>
  </ItemGroup>
  <ItemGroup>
    <ClInclude Include="BinarySearch.h">
      <Filter>BinarySearch</Filter>
    </ClInclude>
    <ClInclude Include="TestBinarySearch.h">
      <Filter>BinarySearch</Filter>
    </ClInclude>
    <ClInclude Include="Print.h">
      <Filter>Common</Filter>
    </ClInclude>
    <ClInclude Include="LinkedList.h">
      <Filter>LinkedList</Filter>
    </ClInclude>
    <ClInclude Include="Iterator.h">
      <Filter>Common</Filter>
    </ClInclude>
    <ClInclude Include="TestLinkedList.h">
      <Filter>LinkedList</Filter>
    </ClInclude>
    <ClInclude Include="Set.h">
      <Filter>Set</Filter>
    </ClInclude>
    <ClInclude Include="TestSet.h">
      <Filter>Set</Filter>
    </ClInclude>
    <ClInclude Include="PriorityQueue.h">
      <Filter>PriorityQueue</Filter>
    </ClInclude>
    <ClInclude Include="TestPriorityQueue.h">
      <Filter>PriorityQueue</Filter>
    </ClInclude>
    <ClInclude Include="SelectionSort.h">
      <Filter>SelectionSort</Filter>
    </ClInclude>
    <ClInclude Include="Algorithm.h">
      <Filter>Common</Filter>
    </ClInclude>
    <ClInclude Include="TestSelectionSort.h">
      <Filter>SelectionSort</Filter>
    </ClInclude>
  </ItemGroup>
</Project>