<?xml version="1.0" encoding="utf-8"?>
<Project ToolsVersion="4.0" xmlns="http://schemas.microsoft.com/developer/msbuild/2003">
  <ItemGroup>
    <Filter Include="Exercise 7.2">
      <UniqueIdentifier>{592afb73-e7ae-4112-a16c-7220a440cda3}</UniqueIdentifier>
    </Filter>
    <Filter Include="Exercise 7.4">
      <UniqueIdentifier>{274e46ad-dcca-42f0-a324-6cdce17a9ae2}</UniqueIdentifier>
    </Filter>
    <Filter Include="Main">
      <UniqueIdentifier>{f353d491-2a84-4c4c-83dd-b46e8659f0a5}</UniqueIdentifier>
    </Filter>
  </ItemGroup>
  <ItemGroup>
    <ClCompile Include="exercise_7_2.cpp">
      <Filter>Exercise 7.2</Filter>
    </ClCompile>
    <ClCompile Include="exercise_7_4.cpp">
      <Filter>Exercise 7.4</Filter>
    </ClCompile>
    <ClCompile Include="main.cpp">
      <Filter>Main</Filter>
    </ClCompile>
  </ItemGroup>
  <ItemGroup>
    <ClInclude Include="exercise_7_2.h">
      <Filter>Exercise 7.2</Filter>
    </ClInclude>
    <ClInclude Include="exercise_7_4.h">
      <Filter>Exercise 7.4</Filter>
    </ClInclude>
  </ItemGroup>
  <ItemGroup>
    <Text Include="exercise_7_2.txt">
      <Filter>Exercise 7.2</Filter>
    </Text>
    <Text Include="exercise_7_4.txt">
      <Filter>Exercise 7.4</Filter>
    </Text>
  </ItemGroup>
</Project>